PODS:
  - MMLayout (0.2.0)
  - ReactiveObjC (3.1.1)
  - SDWebImage (5.9.0):
    - SDWebImage/Core (= 5.9.0)
  - SDWebImage/Core (5.9.0)
  - Toast (4.0.0)
  - TXIMSDK_iOS (5.1.60)
  - TXIMSDK_TUIKit_iOS_Professional (0.0.1):
    - MMLayout (= 0.2.0)
    - ReactiveObjC (= 3.1.1)
    - SDWebImage (= 5.9.0)
    - Toast (= 4.0.0)
    - TXIMSDK_iOS (= 5.1.60)
    - TXLiteAVSDK_Professional (= 8.5.10022)
  - TXLiteAVSDK_Professional (8.5.10022)

DEPENDENCIES:
  - TXIMSDK_TUIKit_iOS_Professional (from `../`)

SPEC REPOS:
  https://github.com/CocoaPods/Specs.git:
    - MMLayout
    - ReactiveObjC
    - SDWebImage
    - Toast
    - TXIMSDK_iOS
    - TXLiteAVSDK_Professional

EXTERNAL SOURCES:
  TXIMSDK_TUIKit_iOS_Professional:
    :path: "../"

SPEC CHECKSUMS:
  MMLayout: 3fb59d58eeb8656c64e61d550fb0088e10666c11
  ReactiveObjC: 011caa393aa0383245f2dcf9bf02e86b80b36040
  SDWebImage: 62ae4a18473520c67b79e9724c31a63599cc9423
  Toast: 91b396c56ee72a5790816f40d3a94dd357abc196
  TXIMSDK_iOS: 015557374d46a549ec63f298e76d1aaf38611284
  TXIMSDK_TUIKit_iOS_Professional: 0705a820e4e2c560cbca279f1592622e74e12524
  TXLiteAVSDK_Professional: 165018e2f0570d2608d7ea2b785fc273558f9920

PODFILE CHECKSUM: 2b762c0da7c6a9848ccd29d0e48ef35ecab78c28

COCOAPODS: 1.11.3
